{
  "version": 4,
  "terraform_version": "1.13.3",
  "serial": 1,
  "lineage": "dbab8fbb-b2f6-05fb-8aa0-70d10e9eade1",
  "outputs": {},
  "resources": [
    {
      "mode": "managed",
      "type": "esxi_guest",
      "name": "ubuntu",
      "provider": "provider[\"registry.terraform.io/josenk/esxi\"]",
      "instances": [
        {
          "schema_version": 0,
          "attributes": {
            "boot_disk_size": "20",
            "boot_disk_type": "thin",
            "boot_firmware": "efi",
            "clone_from_vm": null,
            "disk_store": "datastore1",
            "guest_name": "ubuntu-01",
            "guest_shutdown_timeout": 20,
            "guest_startup_timeout": 120,
            "guestinfo": null,
            "guestos": "ubuntu-64",
            "host_ovf": null,
            "id": "1",
            "ip_address": "",
            "memsize": "1024",
            "network_interfaces": [
              {
                "mac_address": "",
                "nic_type": "e1000",
                "virtual_network": "VM Network"
              }
            ],
            "notes": "",
            "numvcpus": "1",
            "ovf_properties": [],
            "ovf_properties_timer": 90,
            "ovf_source": null,
            "power": "on",
            "resource_pool_name": "/",
            "virthwver": "13",
            "virtual_disks": []
          },
          "sensitive_attributes": [],
          "identity_schema_version": 0,
          "private": "bnVsbA=="
        }
      ]
    }
  ],
  "check_results": null
}
