{
  "version": 4,
  "terraform_version": "1.13.2",
  "serial": 12,
  "lineage": "dbab8fbb-b2f6-05fb-8aa0-70d10e9eade1",
  "outputs": {},
  "resources": [
    {
      "mode": "managed",
      "type": "esxi_guest",
      "name": "ubuntu",
      "provider": "provider[\"registry.terraform.io/josenk/esxi\"]",
      "instances": [
        {
          "schema_version": 0,
          "attributes": {
            "boot_disk_size": "20",
            "boot_disk_type": "thin",
            "boot_firmware": "bios",
            "clone_from_vm": null,
            "disk_store": "datastore1",
            "guest_name": "ubuntu-01",
            "guest_shutdown_timeout": 20,
            "guest_startup_timeout": 120,
            "guestinfo": {
              "metadata": "aW5zdGFuY2UtaWQ6IHVidW50dS0wMQpsb2NhbC1ob3N0bmFtZTogdWJ1bnR1LTAxCg==",
              "metadata.encoding": "base64",
              "userdata": "I2Nsb3VkLWNvbmZpZw0KDQp1c2VyczoNCiAgLSBuYW1lOiByb290DQogICAgc3VkbzogQUxMPShBTEwpIE5PUEFTU1dEOkFMTA0KICAgIGdyb3Vwczogc3Vkbw0KICAgIHNoZWxsOiAvYmluL2Jhc2gNCiAgICBzc2hfYXV0aG9yaXplZF9rZXlzOg0KICAgICAgLSBzc2gtZWQyNTUxOSBBQUFBQzNOemFDMWxaREkxTlRFNUFBQUFJUHRDVFFudENlcGRkQVhDWVVpTUxlY2FqVnNoYzZ0bmxYZitFOW9MQzRORSBzdHVkZW50QERFU0tUT1AtMU5VRDg5VAo=",
              "userdata.encoding": "base64"
            },
            "guestos": "ubuntu-64",
            "host_ovf": null,
            "id": "16",
            "ip_address": "192.168.1.102",
            "memsize": "1024",
            "network_interfaces": [
              {
                "mac_address": "",
                "nic_type": "e1000",
                "virtual_network": "VM Network"
              }
            ],
            "notes": "",
            "numvcpus": "1",
            "ovf_properties": [],
            "ovf_properties_timer": 90,
            "ovf_source": "https://cloud-images.ubuntu.com/releases/22.04/release/ubuntu-22.04-server-cloudimg-amd64.ova",
            "power": "on",
            "resource_pool_name": "/",
            "virthwver": "10",
            "virtual_disks": []
          },
          "sensitive_attributes": [],
          "identity_schema_version": 0,
          "private": "bnVsbA=="
        }
      ]
    },
    {
      "mode": "managed",
      "type": "local_file",
      "name": "ansible_inventory",
      "provider": "provider[\"registry.terraform.io/hashicorp/local\"]",
      "instances": [
        {
          "schema_version": 0,
          "attributes": {
            "content": "[ubuntu]\r\n192.168.1.102 app_name=demoapp ansible_user=root\r\n",
            "content_base64": null,
            "content_base64sha256": "RJBmhwHYjdDN7j1lNTAOpqza2pK9So3I5fQ/UbZdwxM=",
            "content_base64sha512": "+yeR+h2p1GiQJw8pdJQvBHLGNpViPnJXNhaSrEKYc+NEFmj7nqpLzB8yzMNigMNqtKsg94JrTm0QOuMER8LN4Q==",
            "content_md5": "9b8025d4da522f14f7f13ebbc8e77174",
            "content_sha1": "8e884a1a1c48708f8eb9224cd0989c02cf114950",
            "content_sha256": "4490668701d88dd0cdee3d6535300ea6acdada92bd4a8dc8e5f43f51b65dc313",
            "content_sha512": "fb2791fa1da9d46890270f2974942f0472c63695623e7257361692ac429873e3441668fb9eaa4bcc1f32ccc36280c36ab4ab20f7826b4e6d103ae30447c2cde1",
            "directory_permission": "0777",
            "file_permission": "0777",
            "filename": "./inventory.ini",
            "id": "8e884a1a1c48708f8eb9224cd0989c02cf114950",
            "sensitive_content": null,
            "source": null
          },
          "sensitive_attributes": [
            [
              {
                "type": "get_attr",
                "value": "sensitive_content"
              }
            ]
          ],
          "identity_schema_version": 0,
          "dependencies": [
            "esxi_guest.ubuntu"
          ]
        }
      ]
    }
  ],
  "check_results": null
}
